// !$*UTF8*$!
{
	archiveVersion = 1;
	classes = {
	};
	objectVersion = 56;
	objects = {

/* Begin PBXBuildFile section */
		010001012C60000100000001 /* ShioriApp.swift in Sources */ = {isa = PBXBuildFile; fileRef = 010002012C60000100000001 /* ShioriApp.swift */; };
		010001022C60000100000001 /* ContentView.swift in Sources */ = {isa = PBXBuildFile; fileRef = 010002022C60000100000001 /* ContentView.swift */; };
		010001032C60000100000001 /* FocusSessionManager.swift in Sources */ = {isa = PBXBuildFile; fileRef = 010002032C60000100000001 /* FocusSessionManager.swift */; };
		010001042C60000100000001 /* ShioriFocusActivityAttributes.swift in Sources (App) */ = {isa = PBXBuildFile; fileRef = 010002042C60000100000001 /* ShioriFocusActivityAttributes.swift */; };
		010001052C60000100000001 /* ShioriFocusWidgetBundle.swift in Sources */ = {isa = PBXBuildFile; fileRef = 010002052C60000100000001 /* ShioriFocusWidgetBundle.swift */; };
		010001062C60000100000001 /* ShioriFocusLiveActivityWidget.swift in Sources */ = {isa = PBXBuildFile; fileRef = 010002062C60000100000001 /* ShioriFocusLiveActivityWidget.swift */; };
		010001072C60000100000001 /* ShioriFocusActivityAttributes.swift in Sources (Widget) */ = {isa = PBXBuildFile; fileRef = 010002072C60000100000001 /* ShioriFocusActivityAttributes.swift */; };
		010001082C60000100000001 /* ShioriFocusWidgetExtension.appex in Embed App Extensions */ = {isa = PBXBuildFile; fileRef = 010003022C60000100000001 /* ShioriFocusWidgetExtension.appex */; settings = {ATTRIBUTES = (RemoveHeadersOnCopy, ); }; };
/* End PBXBuildFile section */

/* Begin PBXContainerItemProxy section */
		010004012C60000100000001 /* PBXContainerItemProxy */ = {
			isa = PBXContainerItemProxy;
			containerPortal = 010000012C60000100000001 /* Project object */;
			proxyType = 1;
			remoteGlobalIDString = 010003022C60000100000001;
			remoteInfo = ShioriFocusWidgetExtension;
		};
/* End PBXContainerItemProxy section */

/* Begin PBXCopyFilesBuildPhase section */
		010005012C60000100000001 /* Embed App Extensions */ = {
			isa = PBXCopyFilesBuildPhase;
			buildActionMask = 2147483647;
			dstPath = "";
			dstSubfolderSpec = 13;
			files = (
				010001082C60000100000001 /* ShioriFocusWidgetExtension.appex in Embed App Extensions */,
			);
			name = "Embed App Extensions";
			runOnlyForDeploymentPostprocessing = 0;
		};
/* End PBXCopyFilesBuildPhase section */

/* Begin PBXFileReference section */
		010003012C60000100000001 /* SHIORI.app */ = {isa = PBXFileReference; explicitFileType = wrapper.application; includeInIndex = 0; path = SHIORI.app; sourceTree = BUILT_PRODUCTS_DIR; };
		010003022C60000100000001 /* ShioriFocusWidgetExtension.appex */ = {isa = PBXFileReference; explicitFileType = "wrapper.app-extension"; includeInIndex = 0; path = ShioriFocusWidgetExtension.appex; sourceTree = BUILT_PRODUCTS_DIR; };
		010002012C60000100000001 /* ShioriApp.swift */ = {isa = PBXFileReference; lastKnownFileType = sourcecode.swift; path = ShioriApp.swift; sourceTree = "<group>"; };
		010002022C60000100000001 /* ContentView.swift */ = {isa = PBXFileReference; lastKnownFileType = sourcecode.swift; path = ContentView.swift; sourceTree = "<group>"; };
		010002032C60000100000001 /* FocusSessionManager.swift */ = {isa = PBXFileReference; lastKnownFileType = sourcecode.swift; path = FocusSessionManager.swift; sourceTree = "<group>"; };
		010002042C60000100000001 /* ShioriFocusActivityAttributes.swift */ = {isa = PBXFileReference; lastKnownFileType = sourcecode.swift; path = ShioriFocusActivityAttributes.swift; sourceTree = "<group>"; };
		010002082C60000100000001 /* Info.plist */ = {isa = PBXFileReference; lastKnownFileType = text.plist.xml; path = Info.plist; sourceTree = "<group>"; };
		010002052C60000100000001 /* ShioriFocusWidgetBundle.swift */ = {isa = PBXFileReference; lastKnownFileType = sourcecode.swift; path = ShioriFocusWidgetBundle.swift; sourceTree = "<group>"; };
		010002062C60000100000001 /* ShioriFocusLiveActivityWidget.swift */ = {isa = PBXFileReference; lastKnownFileType = sourcecode.swift; path = ShioriFocusLiveActivityWidget.swift; sourceTree = "<group>"; };
		010002072C60000100000001 /* ShioriFocusActivityAttributes.swift */ = {isa = PBXFileReference; lastKnownFileType = sourcecode.swift; path = ShioriFocusActivityAttributes.swift; sourceTree = "<group>"; };
		010002092C60000100000001 /* Info.plist */ = {isa = PBXFileReference; lastKnownFileType = text.plist.xml; path = Info.plist; sourceTree = "<group>"; };
/* End PBXFileReference section */

/* Begin PBXFrameworksBuildPhase section */
		010006012C60000100000001 /* Frameworks */ = {
			isa = PBXFrameworksBuildPhase;
			buildActionMask = 2147483647;
			files = (
			);
			runOnlyForDeploymentPostprocessing = 0;
		};
		010006022C60000100000001 /* Frameworks */ = {
			isa = PBXFrameworksBuildPhase;
			buildActionMask = 2147483647;
			files = (
			);
			runOnlyForDeploymentPostprocessing = 0;
		};
/* End PBXFrameworksBuildPhase section */

/* Begin PBXGroup section */
		010007012C60000100000001 = {
			isa = PBXGroup;
			children = (
				010007022C60000100000001 /* ShioriApp */,
				010007032C60000100000001 /* ShioriFocusWidget */,
				010007042C60000100000001 /* Products */,
			);
			sourceTree = "<group>";
		};
		010007022C60000100000001 /* ShioriApp */ = {
			isa = PBXGroup;
			children = (
				010002012C60000100000001 /* ShioriApp.swift */,
				010002022C60000100000001 /* ContentView.swift */,
				010002032C60000100000001 /* FocusSessionManager.swift */,
				010002042C60000100000001 /* ShioriFocusActivityAttributes.swift */,
				010002082C60000100000001 /* Info.plist */,
			);
			path = ShioriApp;
			sourceTree = "<group>";
		};
		010007032C60000100000001 /* ShioriFocusWidget */ = {
			isa = PBXGroup;
			children = (
				010002052C60000100000001 /* ShioriFocusWidgetBundle.swift */,
				010002062C60000100000001 /* ShioriFocusLiveActivityWidget.swift */,
				010002072C60000100000001 /* ShioriFocusActivityAttributes.swift */,
				010002092C60000100000001 /* Info.plist */,
			);
			path = ShioriFocusWidget;
			sourceTree = "<group>";
		};
		010007042C60000100000001 /* Products */ = {
			isa = PBXGroup;
			children = (
				010003012C60000100000001 /* SHIORI.app */,
				010003022C60000100000001 /* ShioriFocusWidgetExtension.appex */,
			);
			name = Products;
			sourceTree = "<group>";
		};
/* End PBXGroup section */

/* Begin PBXNativeTarget section */
		010008012C60000100000001 /* SHIORI */ = {
			isa = PBXNativeTarget;
			buildConfigurationList = 010009012C60000100000001 /* Build configuration list for PBXNativeTarget "SHIORI" */;
			buildPhases = (
				01000A012C60000100000001 /* Sources */,
				010006012C60000100000001 /* Frameworks */,
				01000B012C60000100000001 /* Resources */,
				010005012C60000100000001 /* Embed App Extensions */,
			);
			buildRules = (
			);
			dependencies = (
				01000C012C60000100000001 /* PBXTargetDependency */,
			);
			name = SHIORI;
			productName = SHIORI;
			productReference = 010003012C60000100000001 /* SHIORI.app */;
			productType = "com.apple.product-type.application";
		};
		010008022C60000100000001 /* ShioriFocusWidgetExtension */ = {
			isa = PBXNativeTarget;
			buildConfigurationList = 010009022C60000100000001 /* Build configuration list for PBXNativeTarget "ShioriFocusWidgetExtension" */;
			buildPhases = (
				01000A022C60000100000001 /* Sources */,
				010006022C60000100000001 /* Frameworks */,
				01000B022C60000100000001 /* Resources */,
			);
			buildRules = (
			);
			dependencies = (
			);
			name = ShioriFocusWidgetExtension;
			productName = ShioriFocusWidgetExtension;
			productReference = 010003022C60000100000001 /* ShioriFocusWidgetExtension.appex */;
			productType = "com.apple.product-type.app-extension";
		};
/* End PBXNativeTarget section */

/* Begin PBXProject section */
		010000012C60000100000001 /* Project object */ = {
			isa = PBXProject;
			attributes = {
				BuildIndependentTargetsInParallel = 1;
				LastSwiftUpdateCheck = 1500;
				LastUpgradeCheck = 1500;
				TargetAttributes = {
					010008012C60000100000001 = {
						CreatedOnToolsVersion = 15.0;
					};
					010008022C60000100000001 = {
						CreatedOnToolsVersion = 15.0;
					};
				};
			};
			buildConfigurationList = 010009032C60000100000001 /* Build configuration list for PBXProject "SHIORI" */;
			compatibilityVersion = "Xcode 14.0";
			developmentRegion = en;
			hasScannedForEncodings = 0;
			knownRegions = (
				en,
				Base,
			);
			mainGroup = 010007012C60000100000001;
			productRefGroup = 010007042C60000100000001 /* Products */;
			projectDirPath = "";
			projectRoot = "";
			targets = (
				010008012C60000100000001 /* SHIORI */,
				010008022C60000100000001 /* ShioriFocusWidgetExtension */,
			);
		};
/* End PBXProject section */

/* Begin PBXResourcesBuildPhase section */
		01000B012C60000100000001 /* Resources */ = {
			isa = PBXResourcesBuildPhase;
			buildActionMask = 2147483647;
			files = (
			);
			runOnlyForDeploymentPostprocessing = 0;
		};
		01000B022C60000100000001 /* Resources */ = {
			isa = PBXResourcesBuildPhase;
			buildActionMask = 2147483647;
			files = (
			);
			runOnlyForDeploymentPostprocessing = 0;
		};
/* End PBXResourcesBuildPhase section */

/* Begin PBXSourcesBuildPhase section */
		01000A012C60000100000001 /* Sources */ = {
			isa = PBXSourcesBuildPhase;
			buildActionMask = 2147483647;
			files = (
				010001012C60000100000001 /* ShioriApp.swift in Sources */,
				010001022C60000100000001 /* ContentView.swift in Sources */,
				010001032C60000100000001 /* FocusSessionManager.swift in Sources */,
				010001042C60000100000001 /* ShioriFocusActivityAttributes.swift in Sources (App) */,
			);
			runOnlyForDeploymentPostprocessing = 0;
		};
		01000A022C60000100000001 /* Sources */ = {
			isa = PBXSourcesBuildPhase;
			buildActionMask = 2147483647;
			files = (
				010001052C60000100000001 /* ShioriFocusWidgetBundle.swift in Sources */,
				010001062C60000100000001 /* ShioriFocusLiveActivityWidget.swift in Sources */,
				010001072C60000100000001 /* ShioriFocusActivityAttributes.swift in Sources (Widget) */,
			);
			runOnlyForDeploymentPostprocessing = 0;
		};
/* End PBXSourcesBuildPhase section */

/* Begin PBXTargetDependency section */
		01000C012C60000100000001 /* PBXTargetDependency */ = {
			isa = PBXTargetDependency;
			target = 010008022C60000100000001 /* ShioriFocusWidgetExtension */;
			targetProxy = 010004012C60000100000001 /* PBXContainerItemProxy */;
		};
/* End PBXTargetDependency section */

/* Begin XCBuildConfiguration section */
		01000D012C60000100000001 /* Debug */ = {
			isa = XCBuildConfiguration;
			buildSettings = {
				ALWAYS_SEARCH_USER_PATHS = NO;
				CLANG_ANALYZER_NONNULL = YES;
				CLANG_CXX_LANGUAGE_STANDARD = "gnu++20";
				CLANG_ENABLE_MODULES = YES;
				CLANG_ENABLE_OBJC_ARC = YES;
				COPY_PHASE_STRIP = NO;
				DEBUG_INFORMATION_FORMAT = dwarf;
				ENABLE_STRICT_OBJC_MSGSEND = YES;
				ENABLE_TESTABILITY = YES;
				GCC_DYNAMIC_NO_PIC = NO;
				GCC_OPTIMIZATION_LEVEL = 0;
				GCC_PREPROCESSOR_DEFINITIONS = (
					"DEBUG=1",
					"$(inherited)",
				);
				GCC_WARN_64_TO_32_BIT_CONVERSION = YES;
				GCC_WARN_ABOUT_RETURN_TYPE = YES_ERROR;
				GCC_WARN_UNINITIALIZED_AUTOS = YES_AGGRESSIVE;
				GCC_WARN_UNUSED_VARIABLE = YES;
				IPHONEOS_DEPLOYMENT_TARGET = 16.1;
				MTL_ENABLE_DEBUG_INFO = INCLUDE_SOURCE;
				MTL_FAST_MATH = YES;
				ONLY_ACTIVE_ARCH = YES;
				SDKROOT = iphoneos;
				SWIFT_ACTIVE_COMPILATION_CONDITIONS = "DEBUG $(inherited)";
				SWIFT_OPTIMIZATION_LEVEL = "-Onone";
				SWIFT_VERSION = 5.0;
			};
			name = Debug;
		};
		01000D022C60000100000001 /* Release */ = {
			isa = XCBuildConfiguration;
			buildSettings = {
				ALWAYS_SEARCH_USER_PATHS = NO;
				CLANG_ANALYZER_NONNULL = YES;
				CLANG_CXX_LANGUAGE_STANDARD = "gnu++20";
				CLANG_ENABLE_MODULES = YES;
				CLANG_ENABLE_OBJC_ARC = YES;
				COPY_PHASE_STRIP = NO;
				DEBUG_INFORMATION_FORMAT = "dwarf-with-dsym";
				ENABLE_NS_ASSERTIONS = NO;
				ENABLE_STRICT_OBJC_MSGSEND = YES;
				GCC_OPTIMIZATION_LEVEL = s;
				GCC_WARN_64_TO_32_BIT_CONVERSION = YES;
				GCC_WARN_ABOUT_RETURN_TYPE = YES_ERROR;
				GCC_WARN_UNINITIALIZED_AUTOS = YES_AGGRESSIVE;
				GCC_WARN_UNUSED_VARIABLE = YES;
				IPHONEOS_DEPLOYMENT_TARGET = 16.1;
				MTL_FAST_MATH = YES;
				SDKROOT = iphoneos;
				SWIFT_COMPILATION_MODE = wholemodule;
				SWIFT_OPTIMIZATION_LEVEL = "-O";
				SWIFT_VERSION = 5.0;
				VALIDATE_PRODUCT = YES;
			};
			name = Release;
		};
		01000D032C60000100000001 /* Debug */ = {
			isa = XCBuildConfiguration;
			buildSettings = {
				ASSETCATALOG_COMPILER_APPICON_NAME = AppIcon;
				CODE_SIGN_STYLE = Automatic;
				CURRENT_PROJECT_VERSION = 1;
				GENERATE_INFOPLIST_FILE = NO;
				INFOPLIST_FILE = ShioriApp/Info.plist;
				INFOPLIST_KEY_CFBundleDisplayName = SHIORI;
				INFOPLIST_KEY_LSApplicationCategoryType = "public.app-category.developer-tools";
				LD_RUNPATH_SEARCH_PATHS = (
					"$(inherited)",
					"@executable_path/Frameworks",
				);
				MARKETING_VERSION = 1.0.0;
				PRODUCT_BUNDLE_IDENTIFIER = com.swaplyone.shiori;
				PRODUCT_NAME = "$(TARGET_NAME)";
				SWIFT_EMIT_LOC_STRINGS = YES;
				TARGETED_DEVICE_FAMILY = "1,2";
			};
			name = Debug;
		};
		01000D042C60000100000001 /* Release */ = {
			isa = XCBuildConfiguration;
			buildSettings = {
				ASSETCATALOG_COMPILER_APPICON_NAME = AppIcon;
				CODE_SIGN_STYLE = Automatic;
				CURRENT_PROJECT_VERSION = 1;
				GENERATE_INFOPLIST_FILE = NO;
				INFOPLIST_FILE = ShioriApp/Info.plist;
				INFOPLIST_KEY_CFBundleDisplayName = SHIORI;
				INFOPLIST_KEY_LSApplicationCategoryType = "public.app-category.developer-tools";
				LD_RUNPATH_SEARCH_PATHS = (
					"$(inherited)",
					"@executable_path/Frameworks",
				);
				MARKETING_VERSION = 1.0.0;
				PRODUCT_BUNDLE_IDENTIFIER = com.swaplyone.shiori;
				PRODUCT_NAME = "$(TARGET_NAME)";
				SWIFT_EMIT_LOC_STRINGS = YES;
				TARGETED_DEVICE_FAMILY = "1,2";
			};
			name = Release;
		};
		01000D052C60000100000001 /* Debug */ = {
			isa = XCBuildConfiguration;
			buildSettings = {
				CODE_SIGN_STYLE = Automatic;
				CURRENT_PROJECT_VERSION = 1;
				GENERATE_INFOPLIST_FILE = NO;
				INFOPLIST_FILE = ShioriFocusWidget/Info.plist;
				INFOPLIST_KEY_CFBundleDisplayName = "Focus Widget";
				LD_RUNPATH_SEARCH_PATHS = (
					"$(inherited)",
					"@executable_path/Frameworks",
					"@executable_path/../../Frameworks",
				);
				MARKETING_VERSION = 1.0.0;
				PRODUCT_BUNDLE_IDENTIFIER = com.swaplyone.shiori.FocusWidget;
				PRODUCT_NAME = "$(TARGET_NAME)";
				SWIFT_EMIT_LOC_STRINGS = YES;
				TARGETED_DEVICE_FAMILY = "1,2";
			};
			name = Debug;
		};
		01000D062C60000100000001 /* Release */ = {
			isa = XCBuildConfiguration;
			buildSettings = {
				CODE_SIGN_STYLE = Automatic;
				CURRENT_PROJECT_VERSION = 1;
				GENERATE_INFOPLIST_FILE = NO;
				INFOPLIST_FILE = ShioriFocusWidget/Info.plist;
				INFOPLIST_KEY_CFBundleDisplayName = "Focus Widget";
				LD_RUNPATH_SEARCH_PATHS = (
					"$(inherited)",
					"@executable_path/Frameworks",
					"@executable_path/../../Frameworks",
				);
				MARKETING_VERSION = 1.0.0;
				PRODUCT_BUNDLE_IDENTIFIER = com.swaplyone.shiori.FocusWidget;
				PRODUCT_NAME = "$(TARGET_NAME)";
				SWIFT_EMIT_LOC_STRINGS = YES;
				TARGETED_DEVICE_FAMILY = "1,2";
			};
			name = Release;
		};
/* End XCBuildConfiguration section */

/* Begin XCConfigurationList section */
		010009012C60000100000001 /* Build configuration list for PBXNativeTarget "SHIORI" */ = {
			isa = XCConfigurationList;
			buildConfigurations = (
				01000D032C60000100000001 /* Debug */,
				01000D042C60000100000001 /* Release */,
			);
			defaultConfigurationIsVisible = 0;
			defaultConfigurationName = Release;
		};
		010009022C60000100000001 /* Build configuration list for PBXNativeTarget "ShioriFocusWidgetExtension" */ = {
			isa = XCConfigurationList;
			buildConfigurations = (
				01000D052C60000100000001 /* Debug */,
				01000D062C60000100000001 /* Release */,
			);
			defaultConfigurationIsVisible = 0;
			defaultConfigurationName = Release;
		};
		010009032C60000100000001 /* Build configuration list for PBXProject "SHIORI" */ = {
			isa = XCConfigurationList;
			buildConfigurations = (
				01000D012C60000100000001 /* Debug */,
				01000D022C60000100000001 /* Release */,
			);
			defaultConfigurationIsVisible = 0;
			defaultConfigurationName = Release;
		};
/* End XCConfigurationList section */

	};
	rootObject = 010000012C60000100000001 /* Project object */;
}
